
Microsoft Visual Studio Solution File, Format Version 12.00
# Visual Studio Version 17
VisualStudioVersion = 17.8.34316.72
MinimumVisualStudioVersion = 10.0.40219.1
Project("{2150E333-8FDC-42A3-9474-1A3956D46DE8}") = "Services", "Services", "{975EF394-530B-45AA-8722-5B5254BA76AB}"
EndProject
Project("{2150E333-8FDC-42A3-9474-1A3956D46DE8}") = "Catalog", "Catalog", "{9530C79A-444E-4091-B6B9-D198456EB7EA}"
EndProject
Project("{2150E333-8FDC-42A3-9474-1A3956D46DE8}") = "Discount", "Discount", "{94B2590E-C139-4AC4-BA5D-4C77CE638B62}"
EndProject
Project("{2150E333-8FDC-42A3-9474-1A3956D46DE8}") = "Order", "Order", "{1F1A095B-4326-4132-A8FF-86DE00B1FFC5}"
EndProject
Project("{2150E333-8FDC-42A3-9474-1A3956D46DE8}") = "Core", "Core", "{4FD9F0CA-3F8A-45E7-B2B4-55EB393DBEA6}"
EndProject
Project("{2150E333-8FDC-42A3-9474-1A3956D46DE8}") = "Infrastructure", "Infrastructure", "{6633C0B1-3F2F-4CD0-9860-7653FD4B6247}"
EndProject
Project("{2150E333-8FDC-42A3-9474-1A3956D46DE8}") = "Presentation", "Presentation", "{AF1C3F3C-E88A-4929-93EF-330627EC4FAE}"
EndProject
Project("{9A19103F-16F7-4668-BE54-9A1E7A4F7556}") = "MultiShop-MikroService.Order.Domain", "Services\Order\Core\MultiShop-MikroService.Order.Domain\MultiShop-MikroService.Order.Domain.csproj", "{E682ADD3-9E2E-43AF-BDBD-53C61D395E1A}"
EndProject
Project("{9A19103F-16F7-4668-BE54-9A1E7A4F7556}") = "MultiShop-MikroService.Order.Application", "Services\Order\Core\MultiShop-MikroService.Order.Application\MultiShop-MikroService.Order.Application.csproj", "{74167E3F-2C6F-4080-BC05-546E865BE76B}"
EndProject
Project("{9A19103F-16F7-4668-BE54-9A1E7A4F7556}") = "MultiShop-MikroService.Order.Persistence", "Services\Order\Infrastructure\MultiShop-MikroService.Order.Persistence\MultiShop-MikroService.Order.Persistence.csproj", "{F2AFDBFA-5468-4426-B69A-FF206809D849}"
EndProject
Project("{9A19103F-16F7-4668-BE54-9A1E7A4F7556}") = "MultiShop-MikroService.Order.WebApi", "Services\Order\Presentation\MultiShop-MikroService.Order.WebApi\MultiShop-MikroService.Order.WebApi.csproj", "{7A6DC8E8-F4E9-493A-832D-C8E69012D615}"
EndProject
Project("{9A19103F-16F7-4668-BE54-9A1E7A4F7556}") = "MultiShop-MikroService.Catalog", "Services\Catalog\MultiShop-MikroService.Catalog\MultiShop-MikroService.Catalog.csproj", "{76FBF7D8-BCBF-4FD1-A478-58842FA20229}"
EndProject
Project("{9A19103F-16F7-4668-BE54-9A1E7A4F7556}") = "MultiShop-MikroService.Discount", "Services\Discount\MultiShop-MikroService.Discount\MultiShop-MikroService.Discount.csproj", "{79E185CB-86C5-4878-9405-1CF9FF32A2BD}"
EndProject
Project("{2150E333-8FDC-42A3-9474-1A3956D46DE8}") = "IdentityServer", "IdentityServer", "{04000669-301D-482A-9675-872FDEFE48B8}"
EndProject
Project("{9A19103F-16F7-4668-BE54-9A1E7A4F7556}") = "MultiShop-MikroService.IdentityServer", "IdentityServer\MultiShop-MikroService.IdentityServer\MultiShop-MikroService.IdentityServer.csproj", "{DDF39957-1A91-4C27-851B-FD19901F7534}"
EndProject
Global
	GlobalSection(SolutionConfigurationPlatforms) = preSolution
		Debug|Any CPU = Debug|Any CPU
		Release|Any CPU = Release|Any CPU
	EndGlobalSection
	GlobalSection(ProjectConfigurationPlatforms) = postSolution
		{E682ADD3-9E2E-43AF-BDBD-53C61D395E1A}.Debug|Any CPU.ActiveCfg = Debug|Any CPU
		{E682ADD3-9E2E-43AF-BDBD-53C61D395E1A}.Debug|Any CPU.Build.0 = Debug|Any CPU
		{E682ADD3-9E2E-43AF-BDBD-53C61D395E1A}.Release|Any CPU.ActiveCfg = Release|Any CPU
		{E682ADD3-9E2E-43AF-BDBD-53C61D395E1A}.Release|Any CPU.Build.0 = Release|Any CPU
		{74167E3F-2C6F-4080-BC05-546E865BE76B}.Debug|Any CPU.ActiveCfg = Debug|Any CPU
		{74167E3F-2C6F-4080-BC05-546E865BE76B}.Debug|Any CPU.Build.0 = Debug|Any CPU
		{74167E3F-2C6F-4080-BC05-546E865BE76B}.Release|Any CPU.ActiveCfg = Release|Any CPU
		{74167E3F-2C6F-4080-BC05-546E865BE76B}.Release|Any CPU.Build.0 = Release|Any CPU
		{F2AFDBFA-5468-4426-B69A-FF206809D849}.Debug|Any CPU.ActiveCfg = Debug|Any CPU
		{F2AFDBFA-5468-4426-B69A-FF206809D849}.Debug|Any CPU.Build.0 = Debug|Any CPU
		{F2AFDBFA-5468-4426-B69A-FF206809D849}.Release|Any CPU.ActiveCfg = Release|Any CPU
		{F2AFDBFA-5468-4426-B69A-FF206809D849}.Release|Any CPU.Build.0 = Release|Any CPU
		{7A6DC8E8-F4E9-493A-832D-C8E69012D615}.Debug|Any CPU.ActiveCfg = Debug|Any CPU
		{7A6DC8E8-F4E9-493A-832D-C8E69012D615}.Debug|Any CPU.Build.0 = Debug|Any CPU
		{7A6DC8E8-F4E9-493A-832D-C8E69012D615}.Release|Any CPU.ActiveCfg = Release|Any CPU
		{7A6DC8E8-F4E9-493A-832D-C8E69012D615}.Release|Any CPU.Build.0 = Release|Any CPU
		{76FBF7D8-BCBF-4FD1-A478-58842FA20229}.Debug|Any CPU.ActiveCfg = Debug|Any CPU
		{76FBF7D8-BCBF-4FD1-A478-58842FA20229}.Debug|Any CPU.Build.0 = Debug|Any CPU
		{76FBF7D8-BCBF-4FD1-A478-58842FA20229}.Release|Any CPU.ActiveCfg = Release|Any CPU
		{76FBF7D8-BCBF-4FD1-A478-58842FA20229}.Release|Any CPU.Build.0 = Release|Any CPU
		{79E185CB-86C5-4878-9405-1CF9FF32A2BD}.Debug|Any CPU.ActiveCfg = Debug|Any CPU
		{79E185CB-86C5-4878-9405-1CF9FF32A2BD}.Debug|Any CPU.Build.0 = Debug|Any CPU
		{79E185CB-86C5-4878-9405-1CF9FF32A2BD}.Release|Any CPU.ActiveCfg = Release|Any CPU
		{79E185CB-86C5-4878-9405-1CF9FF32A2BD}.Release|Any CPU.Build.0 = Release|Any CPU
		{DDF39957-1A91-4C27-851B-FD19901F7534}.Debug|Any CPU.ActiveCfg = Debug|Any CPU
		{DDF39957-1A91-4C27-851B-FD19901F7534}.Debug|Any CPU.Build.0 = Debug|Any CPU
		{DDF39957-1A91-4C27-851B-FD19901F7534}.Release|Any CPU.ActiveCfg = Release|Any CPU
		{DDF39957-1A91-4C27-851B-FD19901F7534}.Release|Any CPU.Build.0 = Release|Any CPU
	EndGlobalSection
	GlobalSection(SolutionProperties) = preSolution
		HideSolutionNode = FALSE
	EndGlobalSection
	GlobalSection(NestedProjects) = preSolution
		{9530C79A-444E-4091-B6B9-D198456EB7EA} = {975EF394-530B-45AA-8722-5B5254BA76AB}
		{94B2590E-C139-4AC4-BA5D-4C77CE638B62} = {975EF394-530B-45AA-8722-5B5254BA76AB}
		{1F1A095B-4326-4132-A8FF-86DE00B1FFC5} = {975EF394-530B-45AA-8722-5B5254BA76AB}
		{4FD9F0CA-3F8A-45E7-B2B4-55EB393DBEA6} = {1F1A095B-4326-4132-A8FF-86DE00B1FFC5}
		{6633C0B1-3F2F-4CD0-9860-7653FD4B6247} = {1F1A095B-4326-4132-A8FF-86DE00B1FFC5}
		{AF1C3F3C-E88A-4929-93EF-330627EC4FAE} = {1F1A095B-4326-4132-A8FF-86DE00B1FFC5}
		{E682ADD3-9E2E-43AF-BDBD-53C61D395E1A} = {4FD9F0CA-3F8A-45E7-B2B4-55EB393DBEA6}
		{74167E3F-2C6F-4080-BC05-546E865BE76B} = {4FD9F0CA-3F8A-45E7-B2B4-55EB393DBEA6}
		{F2AFDBFA-5468-4426-B69A-FF206809D849} = {6633C0B1-3F2F-4CD0-9860-7653FD4B6247}
		{7A6DC8E8-F4E9-493A-832D-C8E69012D615} = {AF1C3F3C-E88A-4929-93EF-330627EC4FAE}
		{76FBF7D8-BCBF-4FD1-A478-58842FA20229} = {9530C79A-444E-4091-B6B9-D198456EB7EA}
		{79E185CB-86C5-4878-9405-1CF9FF32A2BD} = {94B2590E-C139-4AC4-BA5D-4C77CE638B62}
		{DDF39957-1A91-4C27-851B-FD19901F7534} = {04000669-301D-482A-9675-872FDEFE48B8}
	EndGlobalSection
	GlobalSection(ExtensibilityGlobals) = postSolution
		SolutionGuid = {5F19F445-5DD1-4A40-9676-791A83C33E86}
	EndGlobalSection
EndGlobal
